<?xml version="1.0" encoding="utf-8"?>
<Project ToolsVersion="4.0" xmlns="http://schemas.microsoft.com/developer/msbuild/2003">
  <ItemGroup>
    <Filter Include="Pliki źródłowe">
      <UniqueIdentifier>{4FC737F1-C7A5-4376-A066-2A32D752A2FF}</UniqueIdentifier>
      <Extensions>cpp;c;cc;cxx;c++;cppm;ixx;def;odl;idl;hpj;bat;asm;asmx</Extensions>
    </Filter>
    <Filter Include="Pliki nagłówkowe">
      <UniqueIdentifier>{93995380-89BD-4b04-88EB-625FBE52EBFB}</UniqueIdentifier>
      <Extensions>h;hh;hpp;hxx;h++;hm;inl;inc;ipp;xsd</Extensions>
    </Filter>
    <Filter Include="Pliki zasobów">
      <UniqueIdentifier>{67DA6AB6-F800-4c08-8B7A-83BB121AAD01}</UniqueIdentifier>
      <Extensions>rc;ico;cur;bmp;dlg;rc2;rct;bin;rgs;gif;jpg;jpeg;jpe;resx;tiff;tif;png;wav;mfcribbon-ms</Extensions>
    </Filter>
    <Filter Include="Pliki źródłowe\Database">
      <UniqueIdentifier>{0cf0fdaf-8ab6-40c2-8afa-580fc591d465}</UniqueIdentifier>
    </Filter>
    <Filter Include="Pliki nagłówkowe\Database">
      <UniqueIdentifier>{e751666f-d5a5-44e0-96c5-c078bc556030}</UniqueIdentifier>
    </Filter>
    <Filter Include="Pliki źródłowe\Models">
      <UniqueIdentifier>{a974bdc3-acd2-4bf4-a91e-c47dc69d8558}</UniqueIdentifier>
    </Filter>
    <Filter Include="Pliki nagłówkowe\Models">
      <UniqueIdentifier>{4deb9aea-1e2e-4e22-b89e-992bce44f5af}</UniqueIdentifier>
    </Filter>
    <Filter Include="Pliki źródłowe\Services">
      <UniqueIdentifier>{97bef5f0-c75d-45a5-b954-77a684d37003}</UniqueIdentifier>
    </Filter>
    <Filter Include="Pliki nagłówkowe\Services">
      <UniqueIdentifier>{d131b614-7137-450c-93ed-fa9b50cb2c10}</UniqueIdentifier>
    </Filter>
    <Filter Include="Pliki nagłówkowe\Helpers">
      <UniqueIdentifier>{b28f2ce9-3a0d-49d5-b994-88da5441cc96}</UniqueIdentifier>
    </Filter>
    <Filter Include="Pliki źródłowe\Helpers">
      <UniqueIdentifier>{49dfb40a-58d1-43c6-9760-8a0fcb74c75a}</UniqueIdentifier>
    </Filter>
  </ItemGroup>
  <ItemGroup>
    <ClCompile Include="main.cpp">
      <Filter>Pliki źródłowe</Filter>
    </ClCompile>
    <ClCompile Include="Database.cpp">
      <Filter>Pliki źródłowe\Database</Filter>
    </ClCompile>
    <ClCompile Include="Table.cpp">
      <Filter>Pliki źródłowe\Database</Filter>
    </ClCompile>
    <ClCompile Include="Customer.cpp">
      <Filter>Pliki źródłowe\Models</Filter>
    </ClCompile>
    <ClCompile Include="AuthService.cpp">
      <Filter>Pliki źródłowe\Services</Filter>
    </ClCompile>
    <ClCompile Include="Extensions.cpp">
      <Filter>Pliki źródłowe\Helpers</Filter>
    </ClCompile>
    <ClCompile Include="Handlers.cpp">
      <Filter>Pliki źródłowe\Helpers</Filter>
    </ClCompile>
    <ClCompile Include="Paczka.cpp">
      <Filter>Pliki źródłowe\Models</Filter>
    </ClCompile>
    <ClCompile Include="History.cpp">
      <Filter>Pliki źródłowe\Services</Filter>
    </ClCompile>
    <ClCompile Include="EnumStatus.h">
      <Filter>Pliki nagłówkowe\Helpers</Filter>
    </ClCompile>
    <ClCompile Include="PackageLocker.cpp">
      <Filter>Pliki źródłowe\Models</Filter>
    </ClCompile>
  </ItemGroup>
  <ItemGroup>
    <ClInclude Include="Database.h">
      <Filter>Pliki nagłówkowe\Database</Filter>
    </ClInclude>
    <ClInclude Include="Table.h">
      <Filter>Pliki nagłówkowe\Database</Filter>
    </ClInclude>
    <ClInclude Include="Customer.h">
      <Filter>Pliki nagłówkowe\Models</Filter>
    </ClInclude>
    <ClInclude Include="AuthService.h">
      <Filter>Pliki nagłówkowe\Services</Filter>
    </ClInclude>
    <ClInclude Include="Extensions.h">
      <Filter>Pliki nagłówkowe\Helpers</Filter>
    </ClInclude>
    <ClInclude Include="Handlers.h">
      <Filter>Pliki nagłówkowe\Helpers</Filter>
    </ClInclude>
    <ClInclude Include="Paczka.h">
      <Filter>Pliki nagłówkowe\Models</Filter>
    </ClInclude>
    <ClInclude Include="History.h">
      <Filter>Pliki nagłówkowe\Services</Filter>
    </ClInclude>
    <ClInclude Include="PackageLocker.h">
      <Filter>Pliki nagłówkowe\Models</Filter>
    </ClInclude>
  </ItemGroup>
  <ItemGroup>
    <Text Include="class Customer.txt">
      <Filter>Pliki zasobów</Filter>
    </Text>
    <Text Include="error_log.txt">
      <Filter>Pliki zasobów</Filter>
    </Text>
    <Text Include="class Paczka.txt">
      <Filter>Pliki zasobów</Filter>
    </Text>
  </ItemGroup>
</Project>